
Microsoft Visual Studio Solution File, Format Version 12.00
# Visual Studio 15
VisualStudioVersion = 15.0.26730.16
MinimumVisualStudioVersion = 10.0.40219.1
Project("{FAE04EC0-301F-11D3-BF4B-00C04F79EFBC}") = "MvcMovie", "MvcMovie\MvcMovie.csproj", "{27335D2A-1750-480D-8C3D-492601ADB4F1}"
EndProject
Global
	GlobalSection(SolutionConfigurationPlatforms) = preSolution
		Debug|Any CPU = Debug|Any CPU
		Release|Any CPU = Release|Any CPU
	EndGlobalSection
	GlobalSection(ProjectConfigurationPlatforms) = postSolution
		{27335D2A-1750-480D-8C3D-492601ADB4F1}.Debug|Any CPU.ActiveCfg = Debug|Any CPU
		{27335D2A-1750-480D-8C3D-492601ADB4F1}.Debug|Any CPU.Build.0 = Debug|Any CPU
		{27335D2A-1750-480D-8C3D-492601ADB4F1}.Release|Any CPU.ActiveCfg = Release|Any CPU
		{27335D2A-1750-480D-8C3D-492601ADB4F1}.Release|Any CPU.Build.0 = Release|Any CPU
	EndGlobalSection
	GlobalSection(SolutionProperties) = preSolution
		HideSolutionNode = FALSE
	EndGlobalSection
	GlobalSection(ExtensibilityGlobals) = postSolution
		SolutionGuid = {C5B16AF1-08BD-40FA-B76F-AE2F36A40E1E}
	EndGlobalSection
EndGlobal
